Microsoft Visual Studio Solution File, Format Version 11.00
# Visual Studio 2008

Project("{B29A722D-D9CF-5E0F-6228-161799F68ABB}") = "Raid Leader Game", "Assembly-CSharp.csproj", "{9B08352F-3344-1BE5-1254-CC9FD13BB509}"
EndProject
Global
	GlobalSection(SolutionConfigurationPlatforms) = preSolution
		Debug|Any CPU = Debug|Any CPU
		Release|Any CPU = Release|Any CPU
	EndGlobalSection
	GlobalSection(ProjectConfigurationPlatforms) = postSolution
		{9B08352F-3344-1BE5-1254-CC9FD13BB509}.Debug|Any CPU.ActiveCfg = Debug|Any CPU
		{9B08352F-3344-1BE5-1254-CC9FD13BB509}.Debug|Any CPU.Build.0 = Debug|Any CPU
		{9B08352F-3344-1BE5-1254-CC9FD13BB509}.Release|Any CPU.ActiveCfg = Release|Any CPU
		{9B08352F-3344-1BE5-1254-CC9FD13BB509}.Release|Any CPU.Build.0 = Release|Any CPU
	EndGlobalSection
	GlobalSection(SolutionProperties) = preSolution
		HideSolutionNode = FALSE
	EndGlobalSection
	GlobalSection(MonoDevelopProperties) = preSolution
		StartupItem = Assembly-CSharp.csproj
	EndGlobalSection
EndGlobal
